
Microsoft Visual Studio Solution File, Format Version 12.00
# Visual Studio Version 16
VisualStudioVersion = 16.0.31624.102
MinimumVisualStudioVersion = 10.0.40219.1
Project("{FAE04EC0-301F-11D3-BF4B-00C04F79EFBC}") = "testegit", "testegit\testegit.csproj", "{FACC492C-559B-4B08-BABB-986BA7F6AB35}"
EndProject
Global
	GlobalSection(SolutionConfigurationPlatforms) = preSolution
		Debug|Any CPU = Debug|Any CPU
		Release|Any CPU = Release|Any CPU
	EndGlobalSection
	GlobalSection(ProjectConfigurationPlatforms) = postSolution
		{FACC492C-559B-4B08-BABB-986BA7F6AB35}.Debug|Any CPU.ActiveCfg = Debug|Any CPU
		{FACC492C-559B-4B08-BABB-986BA7F6AB35}.Debug|Any CPU.Build.0 = Debug|Any CPU
		{FACC492C-559B-4B08-BABB-986BA7F6AB35}.Release|Any CPU.ActiveCfg = Release|Any CPU
		{FACC492C-559B-4B08-BABB-986BA7F6AB35}.Release|Any CPU.Build.0 = Release|Any CPU
	EndGlobalSection
	GlobalSection(SolutionProperties) = preSolution
		HideSolutionNode = FALSE
	EndGlobalSection
	GlobalSection(ExtensibilityGlobals) = postSolution
		SolutionGuid = {094805CC-BE6E-453F-B904-229F0ED363A7}
	EndGlobalSection
EndGlobal
